
Microsoft Visual Studio Solution File, Format Version 12.00
# Visual Studio Version 17
VisualStudioVersion = 17.13.35825.156
MinimumVisualStudioVersion = 10.0.40219.1
Project("{FAE04EC0-301F-11D3-BF4B-00C04F79EFBC}") = "RestauranteUnicode", "RestauranteUnicode.csproj", "{855DB34F-441E-4E4C-9A71-7E5AAD88EF7D}"
	ProjectSection(ProjectDependencies) = postProject
		{4C48B5FA-4898-5BB0-B582-AAAF23BEC08F} = {4C48B5FA-4898-5BB0-B582-AAAF23BEC08F}
	EndProjectSection
EndProject
Project("{FAE04EC0-301F-11D3-BF4B-00C04F79EFBC}") = "VLibrasWinForms", "..\..\..\Desktop\VLibrasWinForms\VLibrasWinForms.csproj", "{4C48B5FA-4898-5BB0-B582-AAAF23BEC08F}"
EndProject
Global
	GlobalSection(SolutionConfigurationPlatforms) = preSolution
		Debug|Any CPU = Debug|Any CPU
		Release|Any CPU = Release|Any CPU
	EndGlobalSection
	GlobalSection(ProjectConfigurationPlatforms) = postSolution
		{855DB34F-441E-4E4C-9A71-7E5AAD88EF7D}.Debug|Any CPU.ActiveCfg = Debug|Any CPU
		{855DB34F-441E-4E4C-9A71-7E5AAD88EF7D}.Debug|Any CPU.Build.0 = Debug|Any CPU
		{855DB34F-441E-4E4C-9A71-7E5AAD88EF7D}.Release|Any CPU.ActiveCfg = Release|Any CPU
		{855DB34F-441E-4E4C-9A71-7E5AAD88EF7D}.Release|Any CPU.Build.0 = Release|Any CPU
		{4C48B5FA-4898-5BB0-B582-AAAF23BEC08F}.Debug|Any CPU.ActiveCfg = Debug|Any CPU
		{4C48B5FA-4898-5BB0-B582-AAAF23BEC08F}.Debug|Any CPU.Build.0 = Debug|Any CPU
		{4C48B5FA-4898-5BB0-B582-AAAF23BEC08F}.Release|Any CPU.ActiveCfg = Release|Any CPU
		{4C48B5FA-4898-5BB0-B582-AAAF23BEC08F}.Release|Any CPU.Build.0 = Release|Any CPU
	EndGlobalSection
	GlobalSection(SolutionProperties) = preSolution
		HideSolutionNode = FALSE
	EndGlobalSection
	GlobalSection(ExtensibilityGlobals) = postSolution
		SolutionGuid = {BDBD1C8F-F965-4FF4-AC16-A735159E6378}
	EndGlobalSection
EndGlobal
